
Microsoft Visual Studio Solution File, Format Version 12.00
# Visual Studio Version 17
VisualStudioVersion = 17.7.34031.279
MinimumVisualStudioVersion = 10.0.40219.1
Project("{FAE04EC0-301F-11D3-BF4B-00C04F79EFBC}") = "WebApi", "WebApi\WebApi.csproj", "{01FBC75C-EF16-4366-9C42-48F36D709E5A}"
EndProject
Project("{FAE04EC0-301F-11D3-BF4B-00C04F79EFBC}") = "Persistance", "Persistance\Persistance.csproj", "{D75B1BD6-0662-498A-95E8-2E31719F37F5}"
EndProject
Project("{FAE04EC0-301F-11D3-BF4B-00C04F79EFBC}") = "Domain", "Domain\Domain.csproj", "{A5A27BF8-97E3-42C3-81E9-4C4ED6358175}"
EndProject
Project("{FAE04EC0-301F-11D3-BF4B-00C04F79EFBC}") = "Application", "Application\Application.csproj", "{09C995CC-3069-40A1-A447-388C7F9B4A06}"
EndProject
Project("{FAE04EC0-301F-11D3-BF4B-00C04F79EFBC}") = "Infrastructure", "Infrastructure\Infrastructure.csproj", "{B58E6664-2F8F-4ED2-9C86-78D559C0EC87}"
EndProject
Global
	GlobalSection(SolutionConfigurationPlatforms) = preSolution
		Debug|Any CPU = Debug|Any CPU
		Release|Any CPU = Release|Any CPU
	EndGlobalSection
	GlobalSection(ProjectConfigurationPlatforms) = postSolution
		{01FBC75C-EF16-4366-9C42-48F36D709E5A}.Debug|Any CPU.ActiveCfg = Debug|Any CPU
		{01FBC75C-EF16-4366-9C42-48F36D709E5A}.Debug|Any CPU.Build.0 = Debug|Any CPU
		{01FBC75C-EF16-4366-9C42-48F36D709E5A}.Release|Any CPU.ActiveCfg = Release|Any CPU
		{01FBC75C-EF16-4366-9C42-48F36D709E5A}.Release|Any CPU.Build.0 = Release|Any CPU
		{D75B1BD6-0662-498A-95E8-2E31719F37F5}.Debug|Any CPU.ActiveCfg = Debug|Any CPU
		{D75B1BD6-0662-498A-95E8-2E31719F37F5}.Debug|Any CPU.Build.0 = Debug|Any CPU
		{D75B1BD6-0662-498A-95E8-2E31719F37F5}.Release|Any CPU.ActiveCfg = Release|Any CPU
		{D75B1BD6-0662-498A-95E8-2E31719F37F5}.Release|Any CPU.Build.0 = Release|Any CPU
		{A5A27BF8-97E3-42C3-81E9-4C4ED6358175}.Debug|Any CPU.ActiveCfg = Debug|Any CPU
		{A5A27BF8-97E3-42C3-81E9-4C4ED6358175}.Debug|Any CPU.Build.0 = Debug|Any CPU
		{A5A27BF8-97E3-42C3-81E9-4C4ED6358175}.Release|Any CPU.ActiveCfg = Release|Any CPU
		{A5A27BF8-97E3-42C3-81E9-4C4ED6358175}.Release|Any CPU.Build.0 = Release|Any CPU
		{09C995CC-3069-40A1-A447-388C7F9B4A06}.Debug|Any CPU.ActiveCfg = Debug|Any CPU
		{09C995CC-3069-40A1-A447-388C7F9B4A06}.Debug|Any CPU.Build.0 = Debug|Any CPU
		{09C995CC-3069-40A1-A447-388C7F9B4A06}.Release|Any CPU.ActiveCfg = Release|Any CPU
		{09C995CC-3069-40A1-A447-388C7F9B4A06}.Release|Any CPU.Build.0 = Release|Any CPU
		{B58E6664-2F8F-4ED2-9C86-78D559C0EC87}.Debug|Any CPU.ActiveCfg = Debug|Any CPU
		{B58E6664-2F8F-4ED2-9C86-78D559C0EC87}.Debug|Any CPU.Build.0 = Debug|Any CPU
		{B58E6664-2F8F-4ED2-9C86-78D559C0EC87}.Release|Any CPU.ActiveCfg = Release|Any CPU
		{B58E6664-2F8F-4ED2-9C86-78D559C0EC87}.Release|Any CPU.Build.0 = Release|Any CPU
	EndGlobalSection
	GlobalSection(SolutionProperties) = preSolution
		HideSolutionNode = FALSE
	EndGlobalSection
	GlobalSection(ExtensibilityGlobals) = postSolution
		SolutionGuid = {231F5367-8A26-47FB-A689-3A319D76CFEF}
	EndGlobalSection
EndGlobal
